
Microsoft Visual Studio Solution File, Format Version 12.00
# Visual Studio Version 17
VisualStudioVersion = 17.12.35527.113 d17.12
MinimumVisualStudioVersion = 10.0.40219.1
Project("{FAE04EC0-301F-11D3-BF4B-00C04F79EFBC}") = "VinylRecordsApplication_Sabitov", "VinylRecordsApplication_Sabitov.csproj", "{DA26A7C7-FCC7-4AF6-9DF6-21CB47598E68}"
EndProject
Global
	GlobalSection(SolutionConfigurationPlatforms) = preSolution
		Debug|Any CPU = Debug|Any CPU
		Release|Any CPU = Release|Any CPU
	EndGlobalSection
	GlobalSection(ProjectConfigurationPlatforms) = postSolution
		{DA26A7C7-FCC7-4AF6-9DF6-21CB47598E68}.Debug|Any CPU.ActiveCfg = Debug|Any CPU
		{DA26A7C7-FCC7-4AF6-9DF6-21CB47598E68}.Debug|Any CPU.Build.0 = Debug|Any CPU
		{DA26A7C7-FCC7-4AF6-9DF6-21CB47598E68}.Release|Any CPU.ActiveCfg = Release|Any CPU
		{DA26A7C7-FCC7-4AF6-9DF6-21CB47598E68}.Release|Any CPU.Build.0 = Release|Any CPU
	EndGlobalSection
	GlobalSection(SolutionProperties) = preSolution
		HideSolutionNode = FALSE
	EndGlobalSection
EndGlobal
